{
  "name": "js-platforms-nodejs",
  "version": "1.0.0",
  "lockfileVersion": 3,
  "requires": true,
  "packages": {
    "": {
      "name": "js-platforms-nodejs",
      "version": "1.0.0",
      "license": "ISC",
      "dependencies": {
        "@axer665/js-platforms": "^1.0.0"
      }
    },
    "node_modules/@axer665/js-platforms": {
      "version": "1.0.0",
      "resolved": "https://npm.pkg.github.com/download/@axer665/js-platforms/1.0.0/f17cc3489d79d3ba22c321058888d3940f38842a",
      "integrity": "sha512-Md3KYwOkjIEEb9EfCcChY8IrmCiFfQ5MEGIDH6zgMvADmN0K1DK3TDqGlXQMMv8rTh7LoCahsPfPHeu7SMofcA==",
      "license": "ISC"
    }
  }
}
