{
  "name": "js-platforms-nodejs",
  "version": "1.0.0",
  "lockfileVersion": 3,
  "requires": true,
  "packages": {
    "": {
      "name": "js-platforms-nodejs",
      "version": "1.0.0",
      "license": "ISC",
      "dependencies": {
        "@axer665/myajs": "^1.0.0"
      }
    },
    "node_modules/@axer665/myajs": {
      "version": "1.0.0",
      "resolved": "https://npm.pkg.github.com/download/@axer665/myajs/1.0.0/daa7e85e2ab4cfe2a3f514c90af1d37f705938ee",
      "integrity": "sha512-NGVhASyvoWKBj6V3DVxRgN6K2C9A0jmvSciMneDZi9T2jPygJum7aNt9OjkR0xqKkYlZnM7cXFgR0e/raphpKA==",
      "license": "ISC"
    }
  }
}
